
Microsoft Visual Studio Solution File, Format Version 12.00
# Visual Studio 15
VisualStudioVersion = 15.0.27130.2026
MinimumVisualStudioVersion = 10.0.40219.1
Project("{FAE04EC0-301F-11D3-BF4B-00C04F79EFBC}") = "client", "src\client\client.csproj", "{228B2AFC-57DC-4E1F-8335-D0CABCDA987B}"
EndProject
Project("{FAE04EC0-301F-11D3-BF4B-00C04F79EFBC}") = "serializable", "src\serializable\serializable.csproj", "{8D371651-BFA4-43C9-B143-77FABCD2B310}"
EndProject
Project("{FAE04EC0-301F-11D3-BF4B-00C04F79EFBC}") = "server", "src\server\server.csproj", "{0B41ADFF-7802-4A36-8374-C32DE33BABCD}"
EndProject
Global
	GlobalSection(SolutionConfigurationPlatforms) = preSolution
		Debug|Any CPU = Debug|Any CPU
		Release|Any CPU = Release|Any CPU
	EndGlobalSection
	GlobalSection(ProjectConfigurationPlatforms) = postSolution
		{228B2AFC-57DC-4E1F-8335-D0CABCDA987B}.Debug|Any CPU.ActiveCfg = Debug|Any CPU
		{228B2AFC-57DC-4E1F-8335-D0CABCDA987B}.Debug|Any CPU.Build.0 = Debug|Any CPU
		{228B2AFC-57DC-4E1F-8335-D0CABCDA987B}.Release|Any CPU.ActiveCfg = Release|Any CPU
		{228B2AFC-57DC-4E1F-8335-D0CABCDA987B}.Release|Any CPU.Build.0 = Release|Any CPU
		{8D371651-BFA4-43C9-B143-77FABCD2B310}.Debug|Any CPU.ActiveCfg = Debug|Any CPU
		{8D371651-BFA4-43C9-B143-77FABCD2B310}.Debug|Any CPU.Build.0 = Debug|Any CPU
		{8D371651-BFA4-43C9-B143-77FABCD2B310}.Release|Any CPU.ActiveCfg = Release|Any CPU
		{8D371651-BFA4-43C9-B143-77FABCD2B310}.Release|Any CPU.Build.0 = Release|Any CPU
		{0B41ADFF-7802-4A36-8374-C32DE33BABCD}.Debug|Any CPU.ActiveCfg = Debug|Any CPU
		{0B41ADFF-7802-4A36-8374-C32DE33BABCD}.Debug|Any CPU.Build.0 = Debug|Any CPU
		{0B41ADFF-7802-4A36-8374-C32DE33BABCD}.Release|Any CPU.ActiveCfg = Release|Any CPU
		{0B41ADFF-7802-4A36-8374-C32DE33BABCD}.Release|Any CPU.Build.0 = Release|Any CPU
	EndGlobalSection
	GlobalSection(SolutionProperties) = preSolution
		HideSolutionNode = FALSE
	EndGlobalSection
	GlobalSection(ExtensibilityGlobals) = postSolution
		SolutionGuid = {E58CFF9D-0DFC-4FC1-922E-8898DC038D6E}
	EndGlobalSection
EndGlobal
